// !$*UTF8*$!
{
	archiveVersion = 1;
	classes = {
	};
	objectVersion = 50;
	objects = {

/* Begin PBXBuildFile section */
		0E882AB13904F48CFD0AE46A /* Pods_HealtheraUITests.framework in Frameworks */ = {isa = PBXBuildFile; fileRef = A3DEC611F2332E4B8D742816 /* Pods_HealtheraUITests.framework */; };
		4396EC312160F19B008C4688 /* AppDelegate.swift in Sources */ = {isa = PBXBuildFile; fileRef = 4396EC302160F19B008C4688 /* AppDelegate.swift */; };
		4396EC332160F19B008C4688 /* LoginViewController.swift in Sources */ = {isa = PBXBuildFile; fileRef = 4396EC322160F19B008C4688 /* LoginViewController.swift */; };
		4396EC362160F19B008C4688 /* Main.storyboard in Resources */ = {isa = PBXBuildFile; fileRef = 4396EC342160F19B008C4688 /* Main.storyboard */; };
		4396EC382160F19E008C4688 /* Assets.xcassets in Resources */ = {isa = PBXBuildFile; fileRef = 4396EC372160F19E008C4688 /* Assets.xcassets */; };
		4396EC3B2160F19E008C4688 /* LaunchScreen.storyboard in Resources */ = {isa = PBXBuildFile; fileRef = 4396EC392160F19E008C4688 /* LaunchScreen.storyboard */; };
		4396EC462160F19F008C4688 /* HealtheraTests.swift in Sources */ = {isa = PBXBuildFile; fileRef = 4396EC452160F19F008C4688 /* HealtheraTests.swift */; };
		4396EC512160F19F008C4688 /* HealtheraUITests.swift in Sources */ = {isa = PBXBuildFile; fileRef = 4396EC502160F19F008C4688 /* HealtheraUITests.swift */; };
		4396EC66216122C9008C4688 /* Extentions.swift in Sources */ = {isa = PBXBuildFile; fileRef = 4396EC65216122C9008C4688 /* Extentions.swift */; };
		4396EC6921612BDC008C4688 /* KeychainAccess.swift in Sources */ = {isa = PBXBuildFile; fileRef = 4396EC6821612BDC008C4688 /* KeychainAccess.swift */; };
		4396EC6B21612CAD008C4688 /* NetworkProvider.swift in Sources */ = {isa = PBXBuildFile; fileRef = 4396EC6A21612CAD008C4688 /* NetworkProvider.swift */; };
		439A50BC21613DA300CE4297 /* Result.swift in Sources */ = {isa = PBXBuildFile; fileRef = 439A50BB21613DA300CE4297 /* Result.swift */; };
		439A50BE21613DC600CE4297 /* AuthenticationService.swift in Sources */ = {isa = PBXBuildFile; fileRef = 439A50BD21613DC600CE4297 /* AuthenticationService.swift */; };
		68748CCE790912FC58E1D605 /* Pods_Healthera.framework in Frameworks */ = {isa = PBXBuildFile; fileRef = 781DB61134AC01342D7D7822 /* Pods_Healthera.framework */; };
		7C9EA700E55F2FE7263AFAA5 /* Pods_HealtheraTests.framework in Frameworks */ = {isa = PBXBuildFile; fileRef = 809D026C2FC51EB763A66F78 /* Pods_HealtheraTests.framework */; };
/* End PBXBuildFile section */

/* Begin PBXContainerItemProxy section */
		4396EC422160F19F008C4688 /* PBXContainerItemProxy */ = {
			isa = PBXContainerItemProxy;
			containerPortal = 4396EC252160F19B008C4688 /* Project object */;
			proxyType = 1;
			remoteGlobalIDString = 4396EC2C2160F19B008C4688;
			remoteInfo = Healthera;
		};
		4396EC4D2160F19F008C4688 /* PBXContainerItemProxy */ = {
			isa = PBXContainerItemProxy;
			containerPortal = 4396EC252160F19B008C4688 /* Project object */;
			proxyType = 1;
			remoteGlobalIDString = 4396EC2C2160F19B008C4688;
			remoteInfo = Healthera;
		};
/* End PBXContainerItemProxy section */

/* Begin PBXFileReference section */
		2E755AF053F68F72AF2F5004 /* Pods-Healthera.debug.xcconfig */ = {isa = PBXFileReference; includeInIndex = 1; lastKnownFileType = text.xcconfig; name = "Pods-Healthera.debug.xcconfig"; path = "Pods/Target Support Files/Pods-Healthera/Pods-Healthera.debug.xcconfig"; sourceTree = "<group>"; };
		42021AE62E37B3DC6C216E56 /* Pods-Healthera.release.xcconfig */ = {isa = PBXFileReference; includeInIndex = 1; lastKnownFileType = text.xcconfig; name = "Pods-Healthera.release.xcconfig"; path = "Pods/Target Support Files/Pods-Healthera/Pods-Healthera.release.xcconfig"; sourceTree = "<group>"; };
		4396EC2D2160F19B008C4688 /* Healthera.app */ = {isa = PBXFileReference; explicitFileType = wrapper.application; includeInIndex = 0; path = Healthera.app; sourceTree = BUILT_PRODUCTS_DIR; };
		4396EC302160F19B008C4688 /* AppDelegate.swift */ = {isa = PBXFileReference; lastKnownFileType = sourcecode.swift; path = AppDelegate.swift; sourceTree = "<group>"; };
		4396EC322160F19B008C4688 /* LoginViewController.swift */ = {isa = PBXFileReference; lastKnownFileType = sourcecode.swift; path = LoginViewController.swift; sourceTree = "<group>"; };
		4396EC352160F19B008C4688 /* Base */ = {isa = PBXFileReference; lastKnownFileType = file.storyboard; name = Base; path = Base.lproj/Main.storyboard; sourceTree = "<group>"; };
		4396EC372160F19E008C4688 /* Assets.xcassets */ = {isa = PBXFileReference; lastKnownFileType = folder.assetcatalog; path = Assets.xcassets; sourceTree = "<group>"; };
		4396EC3A2160F19E008C4688 /* Base */ = {isa = PBXFileReference; lastKnownFileType = file.storyboard; name = Base; path = Base.lproj/LaunchScreen.storyboard; sourceTree = "<group>"; };
		4396EC3C2160F19E008C4688 /* Info.plist */ = {isa = PBXFileReference; lastKnownFileType = text.plist.xml; path = Info.plist; sourceTree = "<group>"; };
		4396EC412160F19F008C4688 /* HealtheraTests.xctest */ = {isa = PBXFileReference; explicitFileType = wrapper.cfbundle; includeInIndex = 0; path = HealtheraTests.xctest; sourceTree = BUILT_PRODUCTS_DIR; };
		4396EC452160F19F008C4688 /* HealtheraTests.swift */ = {isa = PBXFileReference; lastKnownFileType = sourcecode.swift; path = HealtheraTests.swift; sourceTree = "<group>"; };
		4396EC472160F19F008C4688 /* Info.plist */ = {isa = PBXFileReference; lastKnownFileType = text.plist.xml; path = Info.plist; sourceTree = "<group>"; };
		4396EC4C2160F19F008C4688 /* HealtheraUITests.xctest */ = {isa = PBXFileReference; explicitFileType = wrapper.cfbundle; includeInIndex = 0; path = HealtheraUITests.xctest; sourceTree = BUILT_PRODUCTS_DIR; };
		4396EC502160F19F008C4688 /* HealtheraUITests.swift */ = {isa = PBXFileReference; lastKnownFileType = sourcecode.swift; path = HealtheraUITests.swift; sourceTree = "<group>"; };
		4396EC522160F19F008C4688 /* Info.plist */ = {isa = PBXFileReference; lastKnownFileType = text.plist.xml; path = Info.plist; sourceTree = "<group>"; };
		4396EC65216122C9008C4688 /* Extentions.swift */ = {isa = PBXFileReference; lastKnownFileType = sourcecode.swift; path = Extentions.swift; sourceTree = "<group>"; };
		4396EC6821612BDC008C4688 /* KeychainAccess.swift */ = {isa = PBXFileReference; lastKnownFileType = sourcecode.swift; path = KeychainAccess.swift; sourceTree = "<group>"; };
		4396EC6A21612CAD008C4688 /* NetworkProvider.swift */ = {isa = PBXFileReference; lastKnownFileType = sourcecode.swift; path = NetworkProvider.swift; sourceTree = "<group>"; };
		4396EC6C216132A4008C4688 /* Healthera.entitlements */ = {isa = PBXFileReference; lastKnownFileType = text.plist.entitlements; path = Healthera.entitlements; sourceTree = "<group>"; };
		439A50BB21613DA300CE4297 /* Result.swift */ = {isa = PBXFileReference; lastKnownFileType = sourcecode.swift; path = Result.swift; sourceTree = "<group>"; };
		439A50BD21613DC600CE4297 /* AuthenticationService.swift */ = {isa = PBXFileReference; lastKnownFileType = sourcecode.swift; path = AuthenticationService.swift; sourceTree = "<group>"; };
		61D04A7D88AE1255C8FE1CA4 /* Pods-HealtheraTests.debug.xcconfig */ = {isa = PBXFileReference; includeInIndex = 1; lastKnownFileType = text.xcconfig; name = "Pods-HealtheraTests.debug.xcconfig"; path = "Pods/Target Support Files/Pods-HealtheraTests/Pods-HealtheraTests.debug.xcconfig"; sourceTree = "<group>"; };
		6F42E0CC40CC0F8FEBAAB336 /* Pods-HealtheraUITests.debug.xcconfig */ = {isa = PBXFileReference; includeInIndex = 1; lastKnownFileType = text.xcconfig; name = "Pods-HealtheraUITests.debug.xcconfig"; path = "Pods/Target Support Files/Pods-HealtheraUITests/Pods-HealtheraUITests.debug.xcconfig"; sourceTree = "<group>"; };
		781DB61134AC01342D7D7822 /* Pods_Healthera.framework */ = {isa = PBXFileReference; explicitFileType = wrapper.framework; includeInIndex = 0; path = Pods_Healthera.framework; sourceTree = BUILT_PRODUCTS_DIR; };
		809D026C2FC51EB763A66F78 /* Pods_HealtheraTests.framework */ = {isa = PBXFileReference; explicitFileType = wrapper.framework; includeInIndex = 0; path = Pods_HealtheraTests.framework; sourceTree = BUILT_PRODUCTS_DIR; };
		A3DEC611F2332E4B8D742816 /* Pods_HealtheraUITests.framework */ = {isa = PBXFileReference; explicitFileType = wrapper.framework; includeInIndex = 0; path = Pods_HealtheraUITests.framework; sourceTree = BUILT_PRODUCTS_DIR; };
		BF1E343B5446207A26D2546A /* Pods-HealtheraTests.release.xcconfig */ = {isa = PBXFileReference; includeInIndex = 1; lastKnownFileType = text.xcconfig; name = "Pods-HealtheraTests.release.xcconfig"; path = "Pods/Target Support Files/Pods-HealtheraTests/Pods-HealtheraTests.release.xcconfig"; sourceTree = "<group>"; };
		F165D9C123796B5BDCB4D851 /* Pods-HealtheraUITests.release.xcconfig */ = {isa = PBXFileReference; includeInIndex = 1; lastKnownFileType = text.xcconfig; name = "Pods-HealtheraUITests.release.xcconfig"; path = "Pods/Target Support Files/Pods-HealtheraUITests/Pods-HealtheraUITests.release.xcconfig"; sourceTree = "<group>"; };
/* End PBXFileReference section */

/* Begin PBXFrameworksBuildPhase section */
		4396EC2A2160F19B008C4688 /* Frameworks */ = {
			isa = PBXFrameworksBuildPhase;
			buildActionMask = 2147483647;
			files = (
				68748CCE790912FC58E1D605 /* Pods_Healthera.framework in Frameworks */,
			);
			runOnlyForDeploymentPostprocessing = 0;
		};
		4396EC3E2160F19F008C4688 /* Frameworks */ = {
			isa = PBXFrameworksBuildPhase;
			buildActionMask = 2147483647;
			files = (
				7C9EA700E55F2FE7263AFAA5 /* Pods_HealtheraTests.framework in Frameworks */,
			);
			runOnlyForDeploymentPostprocessing = 0;
		};
		4396EC492160F19F008C4688 /* Frameworks */ = {
			isa = PBXFrameworksBuildPhase;
			buildActionMask = 2147483647;
			files = (
				0E882AB13904F48CFD0AE46A /* Pods_HealtheraUITests.framework in Frameworks */,
			);
			runOnlyForDeploymentPostprocessing = 0;
		};
/* End PBXFrameworksBuildPhase section */

/* Begin PBXGroup section */
		4396EC242160F19B008C4688 = {
			isa = PBXGroup;
			children = (
				4396EC2F2160F19B008C4688 /* Healthera */,
				4396EC442160F19F008C4688 /* HealtheraTests */,
				4396EC4F2160F19F008C4688 /* HealtheraUITests */,
				4396EC2E2160F19B008C4688 /* Products */,
				76665C3B051D9340C9BFEE76 /* Pods */,
				D7F764E3B990D1E4AE062488 /* Frameworks */,
			);
			sourceTree = "<group>";
		};
		4396EC2E2160F19B008C4688 /* Products */ = {
			isa = PBXGroup;
			children = (
				4396EC2D2160F19B008C4688 /* Healthera.app */,
				4396EC412160F19F008C4688 /* HealtheraTests.xctest */,
				4396EC4C2160F19F008C4688 /* HealtheraUITests.xctest */,
			);
			name = Products;
			sourceTree = "<group>";
		};
		4396EC2F2160F19B008C4688 /* Healthera */ = {
			isa = PBXGroup;
			children = (
				4396EC6C216132A4008C4688 /* Healthera.entitlements */,
				4396EC6721612BB5008C4688 /* Services */,
				4396EC64216122B5008C4688 /* Helper */,
				4396EC5E2160F897008C4688 /* Model */,
				4396EC5F2160F89C008C4688 /* View */,
				4396EC612160F8BE008C4688 /* Controller */,
				4396EC302160F19B008C4688 /* AppDelegate.swift */,
				4396EC372160F19E008C4688 /* Assets.xcassets */,
				4396EC392160F19E008C4688 /* LaunchScreen.storyboard */,
				4396EC3C2160F19E008C4688 /* Info.plist */,
			);
			path = Healthera;
			sourceTree = "<group>";
		};
		4396EC442160F19F008C4688 /* HealtheraTests */ = {
			isa = PBXGroup;
			children = (
				4396EC452160F19F008C4688 /* HealtheraTests.swift */,
				4396EC472160F19F008C4688 /* Info.plist */,
			);
			path = HealtheraTests;
			sourceTree = "<group>";
		};
		4396EC4F2160F19F008C4688 /* HealtheraUITests */ = {
			isa = PBXGroup;
			children = (
				4396EC502160F19F008C4688 /* HealtheraUITests.swift */,
				4396EC522160F19F008C4688 /* Info.plist */,
			);
			path = HealtheraUITests;
			sourceTree = "<group>";
		};
		4396EC5E2160F897008C4688 /* Model */ = {
			isa = PBXGroup;
			children = (
			);
			path = Model;
			sourceTree = "<group>";
		};
		4396EC5F2160F89C008C4688 /* View */ = {
			isa = PBXGroup;
			children = (
				4396EC342160F19B008C4688 /* Main.storyboard */,
			);
			path = View;
			sourceTree = "<group>";
		};
		4396EC612160F8BE008C4688 /* Controller */ = {
			isa = PBXGroup;
			children = (
				4396EC322160F19B008C4688 /* LoginViewController.swift */,
			);
			path = Controller;
			sourceTree = "<group>";
		};
		4396EC64216122B5008C4688 /* Helper */ = {
			isa = PBXGroup;
			children = (
				4396EC65216122C9008C4688 /* Extentions.swift */,
				4396EC6821612BDC008C4688 /* KeychainAccess.swift */,
				439A50BB21613DA300CE4297 /* Result.swift */,
			);
			path = Helper;
			sourceTree = "<group>";
		};
		4396EC6721612BB5008C4688 /* Services */ = {
			isa = PBXGroup;
			children = (
				4396EC6A21612CAD008C4688 /* NetworkProvider.swift */,
				439A50BD21613DC600CE4297 /* AuthenticationService.swift */,
			);
			path = Services;
			sourceTree = "<group>";
		};
		76665C3B051D9340C9BFEE76 /* Pods */ = {
			isa = PBXGroup;
			children = (
				2E755AF053F68F72AF2F5004 /* Pods-Healthera.debug.xcconfig */,
				42021AE62E37B3DC6C216E56 /* Pods-Healthera.release.xcconfig */,
				61D04A7D88AE1255C8FE1CA4 /* Pods-HealtheraTests.debug.xcconfig */,
				BF1E343B5446207A26D2546A /* Pods-HealtheraTests.release.xcconfig */,
				6F42E0CC40CC0F8FEBAAB336 /* Pods-HealtheraUITests.debug.xcconfig */,
				F165D9C123796B5BDCB4D851 /* Pods-HealtheraUITests.release.xcconfig */,
			);
			name = Pods;
			sourceTree = "<group>";
		};
		D7F764E3B990D1E4AE062488 /* Frameworks */ = {
			isa = PBXGroup;
			children = (
				781DB61134AC01342D7D7822 /* Pods_Healthera.framework */,
				809D026C2FC51EB763A66F78 /* Pods_HealtheraTests.framework */,
				A3DEC611F2332E4B8D742816 /* Pods_HealtheraUITests.framework */,
			);
			name = Frameworks;
			sourceTree = "<group>";
		};
/* End PBXGroup section */

/* Begin PBXNativeTarget section */
		4396EC2C2160F19B008C4688 /* Healthera */ = {
			isa = PBXNativeTarget;
			buildConfigurationList = 4396EC552160F19F008C4688 /* Build configuration list for PBXNativeTarget "Healthera" */;
			buildPhases = (
				5E6B031B81DCC7B6C69B57F8 /* [CP] Check Pods Manifest.lock */,
				4396EC292160F19B008C4688 /* Sources */,
				4396EC2A2160F19B008C4688 /* Frameworks */,
				4396EC2B2160F19B008C4688 /* Resources */,
				D91553B9AF3886D278852663 /* [CP] Embed Pods Frameworks */,
			);
			buildRules = (
			);
			dependencies = (
			);
			name = Healthera;
			productName = Healthera;
			productReference = 4396EC2D2160F19B008C4688 /* Healthera.app */;
			productType = "com.apple.product-type.application";
		};
		4396EC402160F19F008C4688 /* HealtheraTests */ = {
			isa = PBXNativeTarget;
			buildConfigurationList = 4396EC582160F19F008C4688 /* Build configuration list for PBXNativeTarget "HealtheraTests" */;
			buildPhases = (
				D1F016370662DB39804DA593 /* [CP] Check Pods Manifest.lock */,
				4396EC3D2160F19F008C4688 /* Sources */,
				4396EC3E2160F19F008C4688 /* Frameworks */,
				4396EC3F2160F19F008C4688 /* Resources */,
			);
			buildRules = (
			);
			dependencies = (
				4396EC432160F19F008C4688 /* PBXTargetDependency */,
			);
			name = HealtheraTests;
			productName = HealtheraTests;
			productReference = 4396EC412160F19F008C4688 /* HealtheraTests.xctest */;
			productType = "com.apple.product-type.bundle.unit-test";
		};
		4396EC4B2160F19F008C4688 /* HealtheraUITests */ = {
			isa = PBXNativeTarget;
			buildConfigurationList = 4396EC5B2160F19F008C4688 /* Build configuration list for PBXNativeTarget "HealtheraUITests" */;
			buildPhases = (
				377872DB0D66CC5927007087 /* [CP] Check Pods Manifest.lock */,
				4396EC482160F19F008C4688 /* Sources */,
				4396EC492160F19F008C4688 /* Frameworks */,
				4396EC4A2160F19F008C4688 /* Resources */,
			);
			buildRules = (
			);
			dependencies = (
				4396EC4E2160F19F008C4688 /* PBXTargetDependency */,
			);
			name = HealtheraUITests;
			productName = HealtheraUITests;
			productReference = 4396EC4C2160F19F008C4688 /* HealtheraUITests.xctest */;
			productType = "com.apple.product-type.bundle.ui-testing";
		};
/* End PBXNativeTarget section */

/* Begin PBXProject section */
		4396EC252160F19B008C4688 /* Project object */ = {
			isa = PBXProject;
			attributes = {
				LastSwiftUpdateCheck = 1000;
				LastUpgradeCheck = 1000;
				ORGANIZATIONNAME = Barsam;
				TargetAttributes = {
					4396EC2C2160F19B008C4688 = {
						CreatedOnToolsVersion = 10.0;
						SystemCapabilities = {
							com.apple.Push = {
								enabled = 1;
							};
						};
					};
					4396EC402160F19F008C4688 = {
						CreatedOnToolsVersion = 10.0;
						TestTargetID = 4396EC2C2160F19B008C4688;
					};
					4396EC4B2160F19F008C4688 = {
						CreatedOnToolsVersion = 10.0;
						TestTargetID = 4396EC2C2160F19B008C4688;
					};
				};
			};
			buildConfigurationList = 4396EC282160F19B008C4688 /* Build configuration list for PBXProject "Healthera" */;
			compatibilityVersion = "Xcode 9.3";
			developmentRegion = en;
			hasScannedForEncodings = 0;
			knownRegions = (
				en,
				Base,
			);
			mainGroup = 4396EC242160F19B008C4688;
			productRefGroup = 4396EC2E2160F19B008C4688 /* Products */;
			projectDirPath = "";
			projectRoot = "";
			targets = (
				4396EC2C2160F19B008C4688 /* Healthera */,
				4396EC402160F19F008C4688 /* HealtheraTests */,
				4396EC4B2160F19F008C4688 /* HealtheraUITests */,
			);
		};
/* End PBXProject section */

/* Begin PBXResourcesBuildPhase section */
		4396EC2B2160F19B008C4688 /* Resources */ = {
			isa = PBXResourcesBuildPhase;
			buildActionMask = 2147483647;
			files = (
				4396EC3B2160F19E008C4688 /* LaunchScreen.storyboard in Resources */,
				4396EC382160F19E008C4688 /* Assets.xcassets in Resources */,
				4396EC362160F19B008C4688 /* Main.storyboard in Resources */,
			);
			runOnlyForDeploymentPostprocessing = 0;
		};
		4396EC3F2160F19F008C4688 /* Resources */ = {
			isa = PBXResourcesBuildPhase;
			buildActionMask = 2147483647;
			files = (
			);
			runOnlyForDeploymentPostprocessing = 0;
		};
		4396EC4A2160F19F008C4688 /* Resources */ = {
			isa = PBXResourcesBuildPhase;
			buildActionMask = 2147483647;
			files = (
			);
			runOnlyForDeploymentPostprocessing = 0;
		};
/* End PBXResourcesBuildPhase section */

/* Begin PBXShellScriptBuildPhase section */
		377872DB0D66CC5927007087 /* [CP] Check Pods Manifest.lock */ = {
			isa = PBXShellScriptBuildPhase;
			buildActionMask = 2147483647;
			files = (
			);
			inputPaths = (
				"${PODS_PODFILE_DIR_PATH}/Podfile.lock",
				"${PODS_ROOT}/Manifest.lock",
			);
			name = "[CP] Check Pods Manifest.lock";
			outputPaths = (
				"$(DERIVED_FILE_DIR)/Pods-HealtheraUITests-checkManifestLockResult.txt",
			);
			runOnlyForDeploymentPostprocessing = 0;
			shellPath = /bin/sh;
			shellScript = "diff \"${PODS_PODFILE_DIR_PATH}/Podfile.lock\" \"${PODS_ROOT}/Manifest.lock\" > /dev/null\nif [ $? != 0 ] ; then\n    # print error to STDERR\n    echo \"error: The sandbox is not in sync with the Podfile.lock. Run 'pod install' or update your CocoaPods installation.\" >&2\n    exit 1\nfi\n# This output is used by Xcode 'outputs' to avoid re-running this script phase.\necho \"SUCCESS\" > \"${SCRIPT_OUTPUT_FILE_0}\"\n";
			showEnvVarsInLog = 0;
		};
		5E6B031B81DCC7B6C69B57F8 /* [CP] Check Pods Manifest.lock */ = {
			isa = PBXShellScriptBuildPhase;
			buildActionMask = 2147483647;
			files = (
			);
			inputPaths = (
				"${PODS_PODFILE_DIR_PATH}/Podfile.lock",
				"${PODS_ROOT}/Manifest.lock",
			);
			name = "[CP] Check Pods Manifest.lock";
			outputPaths = (
				"$(DERIVED_FILE_DIR)/Pods-Healthera-checkManifestLockResult.txt",
			);
			runOnlyForDeploymentPostprocessing = 0;
			shellPath = /bin/sh;
			shellScript = "diff \"${PODS_PODFILE_DIR_PATH}/Podfile.lock\" \"${PODS_ROOT}/Manifest.lock\" > /dev/null\nif [ $? != 0 ] ; then\n    # print error to STDERR\n    echo \"error: The sandbox is not in sync with the Podfile.lock. Run 'pod install' or update your CocoaPods installation.\" >&2\n    exit 1\nfi\n# This output is used by Xcode 'outputs' to avoid re-running this script phase.\necho \"SUCCESS\" > \"${SCRIPT_OUTPUT_FILE_0}\"\n";
			showEnvVarsInLog = 0;
		};
		D1F016370662DB39804DA593 /* [CP] Check Pods Manifest.lock */ = {
			isa = PBXShellScriptBuildPhase;
			buildActionMask = 2147483647;
			files = (
			);
			inputPaths = (
				"${PODS_PODFILE_DIR_PATH}/Podfile.lock",
				"${PODS_ROOT}/Manifest.lock",
			);
			name = "[CP] Check Pods Manifest.lock";
			outputPaths = (
				"$(DERIVED_FILE_DIR)/Pods-HealtheraTests-checkManifestLockResult.txt",
			);
			runOnlyForDeploymentPostprocessing = 0;
			shellPath = /bin/sh;
			shellScript = "diff \"${PODS_PODFILE_DIR_PATH}/Podfile.lock\" \"${PODS_ROOT}/Manifest.lock\" > /dev/null\nif [ $? != 0 ] ; then\n    # print error to STDERR\n    echo \"error: The sandbox is not in sync with the Podfile.lock. Run 'pod install' or update your CocoaPods installation.\" >&2\n    exit 1\nfi\n# This output is used by Xcode 'outputs' to avoid re-running this script phase.\necho \"SUCCESS\" > \"${SCRIPT_OUTPUT_FILE_0}\"\n";
			showEnvVarsInLog = 0;
		};
		D91553B9AF3886D278852663 /* [CP] Embed Pods Frameworks */ = {
			isa = PBXShellScriptBuildPhase;
			buildActionMask = 2147483647;
			files = (
			);
			inputPaths = (
				"${SRCROOT}/Pods/Target Support Files/Pods-Healthera/Pods-Healthera-frameworks.sh",
				"${BUILT_PRODUCTS_DIR}/Alamofire/Alamofire.framework",
				"${BUILT_PRODUCTS_DIR}/KeychainSwift/KeychainSwift.framework",
				"${BUILT_PRODUCTS_DIR}/Moya/Moya.framework",
				"${BUILT_PRODUCTS_DIR}/Result/Result.framework",
				"${BUILT_PRODUCTS_DIR}/SwiftyJSON/SwiftyJSON.framework",
			);
			name = "[CP] Embed Pods Frameworks";
			outputPaths = (
				"${TARGET_BUILD_DIR}/${FRAMEWORKS_FOLDER_PATH}/Alamofire.framework",
				"${TARGET_BUILD_DIR}/${FRAMEWORKS_FOLDER_PATH}/KeychainSwift.framework",
				"${TARGET_BUILD_DIR}/${FRAMEWORKS_FOLDER_PATH}/Moya.framework",
				"${TARGET_BUILD_DIR}/${FRAMEWORKS_FOLDER_PATH}/Result.framework",
				"${TARGET_BUILD_DIR}/${FRAMEWORKS_FOLDER_PATH}/SwiftyJSON.framework",
			);
			runOnlyForDeploymentPostprocessing = 0;
			shellPath = /bin/sh;
			shellScript = "\"${SRCROOT}/Pods/Target Support Files/Pods-Healthera/Pods-Healthera-frameworks.sh\"\n";
			showEnvVarsInLog = 0;
		};
/* End PBXShellScriptBuildPhase section */

/* Begin PBXSourcesBuildPhase section */
		4396EC292160F19B008C4688 /* Sources */ = {
			isa = PBXSourcesBuildPhase;
			buildActionMask = 2147483647;
			files = (
				4396EC332160F19B008C4688 /* LoginViewController.swift in Sources */,
				4396EC6921612BDC008C4688 /* KeychainAccess.swift in Sources */,
				4396EC312160F19B008C4688 /* AppDelegate.swift in Sources */,
				439A50BC21613DA300CE4297 /* Result.swift in Sources */,
				4396EC66216122C9008C4688 /* Extentions.swift in Sources */,
				4396EC6B21612CAD008C4688 /* NetworkProvider.swift in Sources */,
				439A50BE21613DC600CE4297 /* AuthenticationService.swift in Sources */,
			);
			runOnlyForDeploymentPostprocessing = 0;
		};
		4396EC3D2160F19F008C4688 /* Sources */ = {
			isa = PBXSourcesBuildPhase;
			buildActionMask = 2147483647;
			files = (
				4396EC462160F19F008C4688 /* HealtheraTests.swift in Sources */,
			);
			runOnlyForDeploymentPostprocessing = 0;
		};
		4396EC482160F19F008C4688 /* Sources */ = {
			isa = PBXSourcesBuildPhase;
			buildActionMask = 2147483647;
			files = (
				4396EC512160F19F008C4688 /* HealtheraUITests.swift in Sources */,
			);
			runOnlyForDeploymentPostprocessing = 0;
		};
/* End PBXSourcesBuildPhase section */

/* Begin PBXTargetDependency section */
		4396EC432160F19F008C4688 /* PBXTargetDependency */ = {
			isa = PBXTargetDependency;
			target = 4396EC2C2160F19B008C4688 /* Healthera */;
			targetProxy = 4396EC422160F19F008C4688 /* PBXContainerItemProxy */;
		};
		4396EC4E2160F19F008C4688 /* PBXTargetDependency */ = {
			isa = PBXTargetDependency;
			target = 4396EC2C2160F19B008C4688 /* Healthera */;
			targetProxy = 4396EC4D2160F19F008C4688 /* PBXContainerItemProxy */;
		};
/* End PBXTargetDependency section */

/* Begin PBXVariantGroup section */
		4396EC342160F19B008C4688 /* Main.storyboard */ = {
			isa = PBXVariantGroup;
			children = (
				4396EC352160F19B008C4688 /* Base */,
			);
			name = Main.storyboard;
			sourceTree = "<group>";
		};
		4396EC392160F19E008C4688 /* LaunchScreen.storyboard */ = {
			isa = PBXVariantGroup;
			children = (
				4396EC3A2160F19E008C4688 /* Base */,
			);
			name = LaunchScreen.storyboard;
			sourceTree = "<group>";
		};
/* End PBXVariantGroup section */

/* Begin XCBuildConfiguration section */
		4396EC532160F19F008C4688 /* Debug */ = {
			isa = XCBuildConfiguration;
			buildSettings = {
				ALWAYS_SEARCH_USER_PATHS = NO;
				CLANG_ANALYZER_NONNULL = YES;
				CLANG_ANALYZER_NUMBER_OBJECT_CONVERSION = YES_AGGRESSIVE;
				CLANG_CXX_LANGUAGE_STANDARD = "gnu++14";
				CLANG_CXX_LIBRARY = "libc++";
				CLANG_ENABLE_MODULES = YES;
				CLANG_ENABLE_OBJC_ARC = YES;
				CLANG_ENABLE_OBJC_WEAK = YES;
				CLANG_WARN_BLOCK_CAPTURE_AUTORELEASING = YES;
				CLANG_WARN_BOOL_CONVERSION = YES;
				CLANG_WARN_COMMA = YES;
				CLANG_WARN_CONSTANT_CONVERSION = YES;
				CLANG_WARN_DEPRECATED_OBJC_IMPLEMENTATIONS = YES;
				CLANG_WARN_DIRECT_OBJC_ISA_USAGE = YES_ERROR;
				CLANG_WARN_DOCUMENTATION_COMMENTS = YES;
				CLANG_WARN_EMPTY_BODY = YES;
				CLANG_WARN_ENUM_CONVERSION = YES;
				CLANG_WARN_INFINITE_RECURSION = YES;
				CLANG_WARN_INT_CONVERSION = YES;
				CLANG_WARN_NON_LITERAL_NULL_CONVERSION = YES;
				CLANG_WARN_OBJC_IMPLICIT_RETAIN_SELF = YES;
				CLANG_WARN_OBJC_LITERAL_CONVERSION = YES;
				CLANG_WARN_OBJC_ROOT_CLASS = YES_ERROR;
				CLANG_WARN_RANGE_LOOP_ANALYSIS = YES;
				CLANG_WARN_STRICT_PROTOTYPES = YES;
				CLANG_WARN_SUSPICIOUS_MOVE = YES;
				CLANG_WARN_UNGUARDED_AVAILABILITY = YES_AGGRESSIVE;
				CLANG_WARN_UNREACHABLE_CODE = YES;
				CLANG_WARN__DUPLICATE_METHOD_MATCH = YES;
				CODE_SIGN_IDENTITY = "iPhone Developer";
				COPY_PHASE_STRIP = NO;
				DEBUG_INFORMATION_FORMAT = dwarf;
				ENABLE_STRICT_OBJC_MSGSEND = YES;
				ENABLE_TESTABILITY = YES;
				GCC_C_LANGUAGE_STANDARD = gnu11;
				GCC_DYNAMIC_NO_PIC = NO;
				GCC_NO_COMMON_BLOCKS = YES;
				GCC_OPTIMIZATION_LEVEL = 0;
				GCC_PREPROCESSOR_DEFINITIONS = (
					"DEBUG=1",
					"$(inherited)",
				);
				GCC_WARN_64_TO_32_BIT_CONVERSION = YES;
				GCC_WARN_ABOUT_RETURN_TYPE = YES_ERROR;
				GCC_WARN_UNDECLARED_SELECTOR = YES;
				GCC_WARN_UNINITIALIZED_AUTOS = YES_AGGRESSIVE;
				GCC_WARN_UNUSED_FUNCTION = YES;
				GCC_WARN_UNUSED_VARIABLE = YES;
				IPHONEOS_DEPLOYMENT_TARGET = 12.0;
				MTL_ENABLE_DEBUG_INFO = INCLUDE_SOURCE;
				MTL_FAST_MATH = YES;
				ONLY_ACTIVE_ARCH = YES;
				SDKROOT = iphoneos;
				SWIFT_ACTIVE_COMPILATION_CONDITIONS = DEBUG;
				SWIFT_OPTIMIZATION_LEVEL = "-Onone";
			};
			name = Debug;
		};
		4396EC542160F19F008C4688 /* Release */ = {
			isa = XCBuildConfiguration;
			buildSettings = {
				ALWAYS_SEARCH_USER_PATHS = NO;
				CLANG_ANALYZER_NONNULL = YES;
				CLANG_ANALYZER_NUMBER_OBJECT_CONVERSION = YES_AGGRESSIVE;
				CLANG_CXX_LANGUAGE_STANDARD = "gnu++14";
				CLANG_CXX_LIBRARY = "libc++";
				CLANG_ENABLE_MODULES = YES;
				CLANG_ENABLE_OBJC_ARC = YES;
				CLANG_ENABLE_OBJC_WEAK = YES;
				CLANG_WARN_BLOCK_CAPTURE_AUTORELEASING = YES;
				CLANG_WARN_BOOL_CONVERSION = YES;
				CLANG_WARN_COMMA = YES;
				CLANG_WARN_CONSTANT_CONVERSION = YES;
				CLANG_WARN_DEPRECATED_OBJC_IMPLEMENTATIONS = YES;
				CLANG_WARN_DIRECT_OBJC_ISA_USAGE = YES_ERROR;
				CLANG_WARN_DOCUMENTATION_COMMENTS = YES;
				CLANG_WARN_EMPTY_BODY = YES;
				CLANG_WARN_ENUM_CONVERSION = YES;
				CLANG_WARN_INFINITE_RECURSION = YES;
				CLANG_WARN_INT_CONVERSION = YES;
				CLANG_WARN_NON_LITERAL_NULL_CONVERSION = YES;
				CLANG_WARN_OBJC_IMPLICIT_RETAIN_SELF = YES;
				CLANG_WARN_OBJC_LITERAL_CONVERSION = YES;
				CLANG_WARN_OBJC_ROOT_CLASS = YES_ERROR;
				CLANG_WARN_RANGE_LOOP_ANALYSIS = YES;
				CLANG_WARN_STRICT_PROTOTYPES = YES;
				CLANG_WARN_SUSPICIOUS_MOVE = YES;
				CLANG_WARN_UNGUARDED_AVAILABILITY = YES_AGGRESSIVE;
				CLANG_WARN_UNREACHABLE_CODE = YES;
				CLANG_WARN__DUPLICATE_METHOD_MATCH = YES;
				CODE_SIGN_IDENTITY = "iPhone Developer";
				COPY_PHASE_STRIP = NO;
				DEBUG_INFORMATION_FORMAT = "dwarf-with-dsym";
				ENABLE_NS_ASSERTIONS = NO;
				ENABLE_STRICT_OBJC_MSGSEND = YES;
				GCC_C_LANGUAGE_STANDARD = gnu11;
				GCC_NO_COMMON_BLOCKS = YES;
				GCC_WARN_64_TO_32_BIT_CONVERSION = YES;
				GCC_WARN_ABOUT_RETURN_TYPE = YES_ERROR;
				GCC_WARN_UNDECLARED_SELECTOR = YES;
				GCC_WARN_UNINITIALIZED_AUTOS = YES_AGGRESSIVE;
				GCC_WARN_UNUSED_FUNCTION = YES;
				GCC_WARN_UNUSED_VARIABLE = YES;
				IPHONEOS_DEPLOYMENT_TARGET = 12.0;
				MTL_ENABLE_DEBUG_INFO = NO;
				MTL_FAST_MATH = YES;
				SDKROOT = iphoneos;
				SWIFT_COMPILATION_MODE = wholemodule;
				SWIFT_OPTIMIZATION_LEVEL = "-O";
				VALIDATE_PRODUCT = YES;
			};
			name = Release;
		};
		4396EC562160F19F008C4688 /* Debug */ = {
			isa = XCBuildConfiguration;
			baseConfigurationReference = 2E755AF053F68F72AF2F5004 /* Pods-Healthera.debug.xcconfig */;
			buildSettings = {
				ASSETCATALOG_COMPILER_APPICON_NAME = AppIcon;
				CODE_SIGN_ENTITLEMENTS = Healthera/Healthera.entitlements;
				CODE_SIGN_IDENTITY = "iPhone Developer";
				CODE_SIGN_STYLE = Automatic;
				DEVELOPMENT_TEAM = G6F4VU669F;
				INFOPLIST_FILE = Healthera/Info.plist;
				IPHONEOS_DEPLOYMENT_TARGET = 11.0;
				LD_RUNPATH_SEARCH_PATHS = (
					"$(inherited)",
					"@executable_path/Frameworks",
				);
				PRODUCT_BUNDLE_IDENTIFIER = me.bahrami.projects.Healthera;
				PRODUCT_NAME = "$(TARGET_NAME)";
				PROVISIONING_PROFILE_SPECIFIER = "";
				SWIFT_VERSION = 4.0;
				TARGETED_DEVICE_FAMILY = "1,2";
			};
			name = Debug;
		};
		4396EC572160F19F008C4688 /* Release */ = {
			isa = XCBuildConfiguration;
			baseConfigurationReference = 42021AE62E37B3DC6C216E56 /* Pods-Healthera.release.xcconfig */;
			buildSettings = {
				ASSETCATALOG_COMPILER_APPICON_NAME = AppIcon;
				CODE_SIGN_ENTITLEMENTS = Healthera/Healthera.entitlements;
				CODE_SIGN_IDENTITY = "iPhone Developer";
				CODE_SIGN_STYLE = Automatic;
				DEVELOPMENT_TEAM = G6F4VU669F;
				INFOPLIST_FILE = Healthera/Info.plist;
				IPHONEOS_DEPLOYMENT_TARGET = 11.0;
				LD_RUNPATH_SEARCH_PATHS = (
					"$(inherited)",
					"@executable_path/Frameworks",
				);
				PRODUCT_BUNDLE_IDENTIFIER = me.bahrami.projects.Healthera;
				PRODUCT_NAME = "$(TARGET_NAME)";
				PROVISIONING_PROFILE_SPECIFIER = "";
				SWIFT_VERSION = 4.0;
				TARGETED_DEVICE_FAMILY = "1,2";
			};
			name = Release;
		};
		4396EC592160F19F008C4688 /* Debug */ = {
			isa = XCBuildConfiguration;
			baseConfigurationReference = 61D04A7D88AE1255C8FE1CA4 /* Pods-HealtheraTests.debug.xcconfig */;
			buildSettings = {
				ALWAYS_EMBED_SWIFT_STANDARD_LIBRARIES = YES;
				BUNDLE_LOADER = "$(TEST_HOST)";
				CODE_SIGN_STYLE = Automatic;
				DEVELOPMENT_TEAM = G6F4VU669F;
				INFOPLIST_FILE = HealtheraTests/Info.plist;
				LD_RUNPATH_SEARCH_PATHS = (
					"$(inherited)",
					"@executable_path/Frameworks",
					"@loader_path/Frameworks",
				);
				PRODUCT_BUNDLE_IDENTIFIER = me.bahrami.projects.HealtheraTests;
				PRODUCT_NAME = "$(TARGET_NAME)";
				SWIFT_VERSION = 4.2;
				TARGETED_DEVICE_FAMILY = "1,2";
				TEST_HOST = "$(BUILT_PRODUCTS_DIR)/Healthera.app/Healthera";
			};
			name = Debug;
		};
		4396EC5A2160F19F008C4688 /* Release */ = {
			isa = XCBuildConfiguration;
			baseConfigurationReference = BF1E343B5446207A26D2546A /* Pods-HealtheraTests.release.xcconfig */;
			buildSettings = {
				ALWAYS_EMBED_SWIFT_STANDARD_LIBRARIES = YES;
				BUNDLE_LOADER = "$(TEST_HOST)";
				CODE_SIGN_STYLE = Automatic;
				DEVELOPMENT_TEAM = G6F4VU669F;
				INFOPLIST_FILE = HealtheraTests/Info.plist;
				LD_RUNPATH_SEARCH_PATHS = (
					"$(inherited)",
					"@executable_path/Frameworks",
					"@loader_path/Frameworks",
				);
				PRODUCT_BUNDLE_IDENTIFIER = me.bahrami.projects.HealtheraTests;
				PRODUCT_NAME = "$(TARGET_NAME)";
				SWIFT_VERSION = 4.2;
				TARGETED_DEVICE_FAMILY = "1,2";
				TEST_HOST = "$(BUILT_PRODUCTS_DIR)/Healthera.app/Healthera";
			};
			name = Release;
		};
		4396EC5C2160F19F008C4688 /* Debug */ = {
			isa = XCBuildConfiguration;
			baseConfigurationReference = 6F42E0CC40CC0F8FEBAAB336 /* Pods-HealtheraUITests.debug.xcconfig */;
			buildSettings = {
				ALWAYS_EMBED_SWIFT_STANDARD_LIBRARIES = YES;
				CODE_SIGN_STYLE = Automatic;
				DEVELOPMENT_TEAM = G6F4VU669F;
				INFOPLIST_FILE = HealtheraUITests/Info.plist;
				LD_RUNPATH_SEARCH_PATHS = (
					"$(inherited)",
					"@executable_path/Frameworks",
					"@loader_path/Frameworks",
				);
				PRODUCT_BUNDLE_IDENTIFIER = me.bahrami.projects.HealtheraUITests;
				PRODUCT_NAME = "$(TARGET_NAME)";
				SWIFT_VERSION = 4.2;
				TARGETED_DEVICE_FAMILY = "1,2";
				TEST_TARGET_NAME = Healthera;
			};
			name = Debug;
		};
		4396EC5D2160F19F008C4688 /* Release */ = {
			isa = XCBuildConfiguration;
			baseConfigurationReference = F165D9C123796B5BDCB4D851 /* Pods-HealtheraUITests.release.xcconfig */;
			buildSettings = {
				ALWAYS_EMBED_SWIFT_STANDARD_LIBRARIES = YES;
				CODE_SIGN_STYLE = Automatic;
				DEVELOPMENT_TEAM = G6F4VU669F;
				INFOPLIST_FILE = HealtheraUITests/Info.plist;
				LD_RUNPATH_SEARCH_PATHS = (
					"$(inherited)",
					"@executable_path/Frameworks",
					"@loader_path/Frameworks",
				);
				PRODUCT_BUNDLE_IDENTIFIER = me.bahrami.projects.HealtheraUITests;
				PRODUCT_NAME = "$(TARGET_NAME)";
				SWIFT_VERSION = 4.2;
				TARGETED_DEVICE_FAMILY = "1,2";
				TEST_TARGET_NAME = Healthera;
			};
			name = Release;
		};
/* End XCBuildConfiguration section */

/* Begin XCConfigurationList section */
		4396EC282160F19B008C4688 /* Build configuration list for PBXProject "Healthera" */ = {
			isa = XCConfigurationList;
			buildConfigurations = (
				4396EC532160F19F008C4688 /* Debug */,
				4396EC542160F19F008C4688 /* Release */,
			);
			defaultConfigurationIsVisible = 0;
			defaultConfigurationName = Release;
		};
		4396EC552160F19F008C4688 /* Build configuration list for PBXNativeTarget "Healthera" */ = {
			isa = XCConfigurationList;
			buildConfigurations = (
				4396EC562160F19F008C4688 /* Debug */,
				4396EC572160F19F008C4688 /* Release */,
			);
			defaultConfigurationIsVisible = 0;
			defaultConfigurationName = Release;
		};
		4396EC582160F19F008C4688 /* Build configuration list for PBXNativeTarget "HealtheraTests" */ = {
			isa = XCConfigurationList;
			buildConfigurations = (
				4396EC592160F19F008C4688 /* Debug */,
				4396EC5A2160F19F008C4688 /* Release */,
			);
			defaultConfigurationIsVisible = 0;
			defaultConfigurationName = Release;
		};
		4396EC5B2160F19F008C4688 /* Build configuration list for PBXNativeTarget "HealtheraUITests" */ = {
			isa = XCConfigurationList;
			buildConfigurations = (
				4396EC5C2160F19F008C4688 /* Debug */,
				4396EC5D2160F19F008C4688 /* Release */,
			);
			defaultConfigurationIsVisible = 0;
			defaultConfigurationName = Release;
		};
/* End XCConfigurationList section */
	};
	rootObject = 4396EC252160F19B008C4688 /* Project object */;
}
